
Microsoft Visual Studio Solution File, Format Version 12.00
# Visual Studio Version 16
VisualStudioVersion = 16.0.31424.327
MinimumVisualStudioVersion = 10.0.40219.1
Project("{FAE04EC0-301F-11D3-BF4B-00C04F79EFBC}") = "WebApp", "WebApp.csproj", "{C43560FB-A032-4590-8D8A-8447289AEEE1}"
EndProject
Global
	GlobalSection(SolutionConfigurationPlatforms) = preSolution
		Debug|Any CPU = Debug|Any CPU
		Release|Any CPU = Release|Any CPU
	EndGlobalSection
	GlobalSection(ProjectConfigurationPlatforms) = postSolution
		{C43560FB-A032-4590-8D8A-8447289AEEE1}.Debug|Any CPU.ActiveCfg = Debug|Any CPU
		{C43560FB-A032-4590-8D8A-8447289AEEE1}.Debug|Any CPU.Build.0 = Debug|Any CPU
		{C43560FB-A032-4590-8D8A-8447289AEEE1}.Release|Any CPU.ActiveCfg = Release|Any CPU
		{C43560FB-A032-4590-8D8A-8447289AEEE1}.Release|Any CPU.Build.0 = Release|Any CPU
	EndGlobalSection
	GlobalSection(SolutionProperties) = preSolution
		HideSolutionNode = FALSE
	EndGlobalSection
	GlobalSection(ExtensibilityGlobals) = postSolution
		SolutionGuid = {7208F09F-F104-40FF-AD41-BAE295F85EDF}
	EndGlobalSection
EndGlobal
